
Microsoft Visual Studio Solution File, Format Version 12.00
# Visual Studio Version 17
VisualStudioVersion = 17.11.35312.102
MinimumVisualStudioVersion = 10.0.40219.1
Project("{FAE04EC0-301F-11D3-BF4B-00C04F79EFBC}") = "Lab2.2_phamKhoaNam_W3", "Lab2.2_phamKhoaNam_W3\Lab2.2_phamKhoaNam_W3.csproj", "{7F83B81F-0613-4350-947B-F41DBB9B74D9}"
EndProject
Global
	GlobalSection(SolutionConfigurationPlatforms) = preSolution
		Debug|Any CPU = Debug|Any CPU
		Release|Any CPU = Release|Any CPU
	EndGlobalSection
	GlobalSection(ProjectConfigurationPlatforms) = postSolution
		{7F83B81F-0613-4350-947B-F41DBB9B74D9}.Debug|Any CPU.ActiveCfg = Debug|Any CPU
		{7F83B81F-0613-4350-947B-F41DBB9B74D9}.Debug|Any CPU.Build.0 = Debug|Any CPU
		{7F83B81F-0613-4350-947B-F41DBB9B74D9}.Release|Any CPU.ActiveCfg = Release|Any CPU
		{7F83B81F-0613-4350-947B-F41DBB9B74D9}.Release|Any CPU.Build.0 = Release|Any CPU
	EndGlobalSection
	GlobalSection(SolutionProperties) = preSolution
		HideSolutionNode = FALSE
	EndGlobalSection
	GlobalSection(ExtensibilityGlobals) = postSolution
		SolutionGuid = {986F06F8-6533-4ACD-A6D8-3B23ED13C4F0}
	EndGlobalSection
EndGlobal
